
Microsoft Visual Studio Solution File, Format Version 12.00
# Visual Studio Version 17
VisualStudioVersion = 17.7.34221.43
MinimumVisualStudioVersion = 10.0.40219.1
Project("{FAE04EC0-301F-11D3-BF4B-00C04F79EFBC}") = "Prevencao.Acidente.IA.WebApp", "Prevencao.Acidente.IA\Prevencao.Acidente.IA.WebApp.csproj", "{48043EBD-0B76-4535-8014-BAFE858ACD67}"
EndProject
Project("{FAE04EC0-301F-11D3-BF4B-00C04F79EFBC}") = "Prevencao.Acidente.IA.Core", "Prevencao.Acidente.IA.Core\Prevencao.Acidente.IA.Core.csproj", "{371BC035-5842-471F-A7B5-67139854BAED}"
EndProject
Global
	GlobalSection(SolutionConfigurationPlatforms) = preSolution
		Debug|Any CPU = Debug|Any CPU
		Release|Any CPU = Release|Any CPU
	EndGlobalSection
	GlobalSection(ProjectConfigurationPlatforms) = postSolution
		{48043EBD-0B76-4535-8014-BAFE858ACD67}.Debug|Any CPU.ActiveCfg = Debug|Any CPU
		{48043EBD-0B76-4535-8014-BAFE858ACD67}.Debug|Any CPU.Build.0 = Debug|Any CPU
		{48043EBD-0B76-4535-8014-BAFE858ACD67}.Release|Any CPU.ActiveCfg = Release|Any CPU
		{48043EBD-0B76-4535-8014-BAFE858ACD67}.Release|Any CPU.Build.0 = Release|Any CPU
		{371BC035-5842-471F-A7B5-67139854BAED}.Debug|Any CPU.ActiveCfg = Debug|Any CPU
		{371BC035-5842-471F-A7B5-67139854BAED}.Debug|Any CPU.Build.0 = Debug|Any CPU
		{371BC035-5842-471F-A7B5-67139854BAED}.Release|Any CPU.ActiveCfg = Release|Any CPU
		{371BC035-5842-471F-A7B5-67139854BAED}.Release|Any CPU.Build.0 = Release|Any CPU
	EndGlobalSection
	GlobalSection(SolutionProperties) = preSolution
		HideSolutionNode = FALSE
	EndGlobalSection
	GlobalSection(ExtensibilityGlobals) = postSolution
		SolutionGuid = {B479805F-C05F-4F2C-9423-62E3ED5B322E}
	EndGlobalSection
EndGlobal
